
Microsoft Visual Studio Solution File, Format Version 12.00
# Visual Studio Version 16
VisualStudioVersion = 16.0.29613.14
MinimumVisualStudioVersion = 10.0.40219.1
Project("{FAE04EC0-301F-11D3-BF4B-00C04F79EFBC}") = "PEngine.App", "PEngine.App\PEngine.App.csproj", "{77C9E64E-21F2-43BF-921D-28C1DCE2E565}"
EndProject
Global
	GlobalSection(SolutionConfigurationPlatforms) = preSolution
		Debug|Any CPU = Debug|Any CPU
		Release|Any CPU = Release|Any CPU
	EndGlobalSection
	GlobalSection(ProjectConfigurationPlatforms) = postSolution
		{77C9E64E-21F2-43BF-921D-28C1DCE2E565}.Debug|Any CPU.ActiveCfg = Debug|Any CPU
		{77C9E64E-21F2-43BF-921D-28C1DCE2E565}.Debug|Any CPU.Build.0 = Debug|Any CPU
		{77C9E64E-21F2-43BF-921D-28C1DCE2E565}.Release|Any CPU.ActiveCfg = Release|Any CPU
		{77C9E64E-21F2-43BF-921D-28C1DCE2E565}.Release|Any CPU.Build.0 = Release|Any CPU
	EndGlobalSection
	GlobalSection(SolutionProperties) = preSolution
		HideSolutionNode = FALSE
	EndGlobalSection
	GlobalSection(ExtensibilityGlobals) = postSolution
		SolutionGuid = {7BDC72C9-8271-4D38-906A-96447445571B}
	EndGlobalSection
EndGlobal
