
Microsoft Visual Studio Solution File, Format Version 12.00
# Visual Studio Version 16
VisualStudioVersion = 16.0.29324.140
MinimumVisualStudioVersion = 10.0.40219.1
Project("{FAE04EC0-301F-11D3-BF4B-00C04F79EFBC}") = "PEngine", "PEngine\PEngine.csproj", "{32606564-CBFB-4A57-8FD3-71F9657C4F31}"
EndProject
Global
	GlobalSection(SolutionConfigurationPlatforms) = preSolution
		Debug|Any CPU = Debug|Any CPU
		Release|Any CPU = Release|Any CPU
	EndGlobalSection
	GlobalSection(ProjectConfigurationPlatforms) = postSolution
		{32606564-CBFB-4A57-8FD3-71F9657C4F31}.Debug|Any CPU.ActiveCfg = Debug|Any CPU
		{32606564-CBFB-4A57-8FD3-71F9657C4F31}.Debug|Any CPU.Build.0 = Debug|Any CPU
		{32606564-CBFB-4A57-8FD3-71F9657C4F31}.Release|Any CPU.ActiveCfg = Release|Any CPU
		{32606564-CBFB-4A57-8FD3-71F9657C4F31}.Release|Any CPU.Build.0 = Release|Any CPU
	EndGlobalSection
	GlobalSection(SolutionProperties) = preSolution
		HideSolutionNode = FALSE
	EndGlobalSection
	GlobalSection(ExtensibilityGlobals) = postSolution
		SolutionGuid = {48E02920-3E16-46A6-AD23-58AB68A38148}
	EndGlobalSection
EndGlobal
